
Microsoft Visual Studio Solution File, Format Version 12.00
Project("{2150E333-8FDC-42A3-9474-1A3956D46DE8}") = "src", "src", "{368D3A52-A0AC-41E3-80FC-4C595EC3A1BB}"
EndProject
Project("{2150E333-8FDC-42A3-9474-1A3956D46DE8}") = "Solution Items", "Solution Items", "{110BF1F7-28C6-45E0-84D0-A0EE96CA3402}"
	ProjectSection(SolutionItems) = preProject
		Directory.Build.props = Directory.Build.props
		.editorconfig = .editorconfig
	EndProjectSection
EndProject
Project("{FAE04EC0-301F-11D3-BF4B-00C04F79EFBC}") = "Tea-Shop.Web", "src\Tea-Shop.Web\Tea-Shop.Web.csproj", "{7F4048CE-205A-45B1-AF0C-7076C6FA5B03}"
EndProject
Project("{FAE04EC0-301F-11D3-BF4B-00C04F79EFBC}") = "Tea-Shop.Application", "src\Tea-Shop.Application\Tea-Shop.Application.csproj", "{5B7B8262-010C-4D42-9C9D-39D38C69D2C3}"
EndProject
Project("{FAE04EC0-301F-11D3-BF4B-00C04F79EFBC}") = "Tea-Shop.Infrastructure.Postgres", "src\Tea-Shop.Infrastructure.Postgres\Tea-Shop.Infrastructure.Postgres.csproj", "{0902EE51-BFB8-418D-9F1C-FD90850A41EA}"
EndProject
Project("{2150E333-8FDC-42A3-9474-1A3956D46DE8}") = "tests", "tests", "{6AC2D317-59CB-4E13-9DBC-9E61763155FB}"
EndProject
Project("{FAE04EC0-301F-11D3-BF4B-00C04F79EFBC}") = "Application.UnitTests", "tests\Application.UnitTests\Application.UnitTests.csproj", "{58E6E651-1685-4373-851C-F2279B472E7C}"
EndProject
Project("{2150E333-8FDC-42A3-9474-1A3956D46DE8}") = "Baskets", "Baskets", "{CF425AA2-0F28-49B0-806C-37AF9F398789}"
EndProject
Project("{2150E333-8FDC-42A3-9474-1A3956D46DE8}") = "Comments", "Comments", "{44AF17AE-326A-4A76-BC3F-CACFFB0A2616}"
EndProject
Project("{2150E333-8FDC-42A3-9474-1A3956D46DE8}") = "Orders", "Orders", "{8B361C68-8873-4AA8-BF7F-7D3A2EAE14FB}"
EndProject
Project("{2150E333-8FDC-42A3-9474-1A3956D46DE8}") = "Products", "Products", "{E994EE0E-9BE2-4B8D-A92D-41C89D4C862C}"
EndProject
Project("{2150E333-8FDC-42A3-9474-1A3956D46DE8}") = "Reviews", "Reviews", "{80E620D4-5320-41BE-A484-962CE7D223BE}"
EndProject
Project("{2150E333-8FDC-42A3-9474-1A3956D46DE8}") = "Subscriptions", "Subscriptions", "{71517112-0DF4-4A11-8DBA-F8CDEB672358}"
EndProject
Project("{2150E333-8FDC-42A3-9474-1A3956D46DE8}") = "Users", "Users", "{EE58A110-5A41-4FA7-8EBC-9820BF8F6BF4}"
EndProject
Project("{2150E333-8FDC-42A3-9474-1A3956D46DE8}") = "Tags", "Tags", "{A5F4D892-AE25-4008-9EA2-257DB3B0244C}"
	ProjectSection(SolutionItems) = preProject
		CreateTagRequestDto.cs = CreateTagRequestDto.cs
		TagsController.cs = TagsController.cs
		CreateTagValidator.cs = CreateTagValidator.cs
		ITagsRepository.cs = ITagsRepository.cs
		ITagsService.cs = ITagsService.cs
		TagsService.cs = TagsService.cs
		Create.cs = Create.cs
		Tag.cs = Tag.cs
		TagConfiguration.cs = TagConfiguration.cs
		TagsRepository.cs = TagsRepository.cs
	EndProjectSection
EndProject
Project("{FAE04EC0-301F-11D3-BF4B-00C04F79EFBC}") = "Baskets.Domain", "src\Baskets\Baskets.Domain\Baskets.Domain.csproj", "{9A0B8643-2735-4BBA-AB24-9E240F42AF2B}"
EndProject
Project("{FAE04EC0-301F-11D3-BF4B-00C04F79EFBC}") = "Baskets.Application", "src\Baskets\Baskets.Application\Baskets.Application.csproj", "{51A53ABC-3A24-4C58-91A7-4720B46B633A}"
EndProject
Project("{FAE04EC0-301F-11D3-BF4B-00C04F79EFBC}") = "Baskets.Infrastructure.Postgres", "src\Baskets\Baskets.Infrastructure.Postgres\Baskets.Infrastructure.Postgres.csproj", "{6226989A-4AE4-4029-90AD-21562E81BC36}"
EndProject
Project("{FAE04EC0-301F-11D3-BF4B-00C04F79EFBC}") = "Baskets.Controllers", "src\Baskets\Baskets.Controllers\Baskets.Controllers.csproj", "{56387CEC-E92F-4EFC-9BB0-33D0C696ACF1}"
EndProject
Project("{FAE04EC0-301F-11D3-BF4B-00C04F79EFBC}") = "Orders.Domain", "src\Orders\Orders.Domain\Orders.Domain.csproj", "{BDC33086-29E7-44D5-8E80-426C49D2A41E}"
EndProject
Project("{FAE04EC0-301F-11D3-BF4B-00C04F79EFBC}") = "Orders.Application", "src\Orders\Orders.Application\Orders.Application.csproj", "{75F9B9D8-F39B-4114-8016-82C8C81ABC84}"
EndProject
Project("{FAE04EC0-301F-11D3-BF4B-00C04F79EFBC}") = "Orders.Infrastructure.Postgres", "src\Orders\Orders.Infrastructure.Postgres\Orders.Infrastructure.Postgres.csproj", "{AF22401F-8BB0-4D68-9C8F-FA584885847F}"
EndProject
Project("{FAE04EC0-301F-11D3-BF4B-00C04F79EFBC}") = "Orders.Controllers", "src\Orders\Orders.Controllers\Orders.Controllers.csproj", "{3D0D8051-BD50-4EAC-BA6B-9F75F2557577}"
EndProject
Project("{FAE04EC0-301F-11D3-BF4B-00C04F79EFBC}") = "Comments.Domain", "src\Comments\Comments.Domain\Comments.Domain.csproj", "{75B615D0-A2AB-47E7-AE74-EC150954542D}"
EndProject
Project("{FAE04EC0-301F-11D3-BF4B-00C04F79EFBC}") = "Comments.Application", "src\Comments\Comments.Application\Comments.Application.csproj", "{22BBF104-D563-4072-8164-5C03F0E0A2EB}"
EndProject
Project("{FAE04EC0-301F-11D3-BF4B-00C04F79EFBC}") = "Commnets.Infrastructure.Postgres", "src\Comments\Commnets.Infrastructure.Postgres\Commnets.Infrastructure.Postgres.csproj", "{B26560A1-6449-44A6-BC48-A87313310501}"
EndProject
Project("{FAE04EC0-301F-11D3-BF4B-00C04F79EFBC}") = "Comments.Controllers", "src\Comments\Comments.Controllers\Comments.Controllers.csproj", "{2BEB7DB1-EDCC-4E93-B38D-27753A66D447}"
EndProject
Project("{FAE04EC0-301F-11D3-BF4B-00C04F79EFBC}") = "Products.Application", "src\Products\Products.Application\Products.Application.csproj", "{CA9D0DF7-25FA-4FC2-9BAD-0252BDEE1BE7}"
EndProject
Project("{FAE04EC0-301F-11D3-BF4B-00C04F79EFBC}") = "Products.Domain", "src\Products\Products.Domain\Products.Domain.csproj", "{08BD0148-D2E7-4E87-99D9-CB543A409D37}"
EndProject
Project("{FAE04EC0-301F-11D3-BF4B-00C04F79EFBC}") = "Products.Controllers", "src\Products\Products.Controllers\Products.Controllers.csproj", "{2A5D62BA-2B6E-4F53-9605-C809CC093E49}"
EndProject
Project("{FAE04EC0-301F-11D3-BF4B-00C04F79EFBC}") = "Products.Infrastructure.Postgres", "src\Products\Products.Infrastructure.Postgres\Products.Infrastructure.Postgres.csproj", "{DBFEFB12-E507-44D3-84EB-488DD451380C}"
EndProject
Project("{FAE04EC0-301F-11D3-BF4B-00C04F79EFBC}") = "Reviews.Domain", "src\Reviews\Reviews.Domain\Reviews.Domain.csproj", "{D5820A53-FC91-44FB-86EE-37B10BCE01F6}"
EndProject
Project("{FAE04EC0-301F-11D3-BF4B-00C04F79EFBC}") = "Reviews.Application", "src\Reviews\Reviews.Application\Reviews.Application.csproj", "{5155878C-86E8-4028-A9E9-645FBEACF65C}"
EndProject
Project("{FAE04EC0-301F-11D3-BF4B-00C04F79EFBC}") = "Reviews.Controllers", "src\Reviews\Reviews.Controllers\Reviews.Controllers.csproj", "{987B6585-5E2C-4C7B-8D04-EA3EF43CAB08}"
EndProject
Project("{FAE04EC0-301F-11D3-BF4B-00C04F79EFBC}") = "Reviews.Infrastructure.Postgres", "src\Reviews\Reviews.Infrastructure.Postgres\Reviews.Infrastructure.Postgres.csproj", "{B3E64A44-0EB0-4787-9F99-8036B9786D54}"
EndProject
Project("{FAE04EC0-301F-11D3-BF4B-00C04F79EFBC}") = "Subscriptions.Domain", "src\Subscriptions\Subscriptions.Domain\Subscriptions.Domain.csproj", "{EB78BACF-DCA4-4614-84C8-7AB0B0844527}"
EndProject
Project("{FAE04EC0-301F-11D3-BF4B-00C04F79EFBC}") = "Subscriptions.Application", "src\Subscriptions\Subscriptions.Application\Subscriptions.Application.csproj", "{0E6E4F01-932D-446B-8F34-42C8CE846B82}"
EndProject
Project("{FAE04EC0-301F-11D3-BF4B-00C04F79EFBC}") = "Subscriptions.Controllers", "src\Subscriptions\Subscriptions.Controllers\Subscriptions.Controllers.csproj", "{A381CD53-1F78-4AB4-BCFD-B24D525D22B6}"
EndProject
Project("{FAE04EC0-301F-11D3-BF4B-00C04F79EFBC}") = "Subscriptions.Infrastructure.Postgres", "src\Subscriptions\Subscriptions.Infrastructure.Postgres\Subscriptions.Infrastructure.Postgres.csproj", "{9C942E2C-024B-4605-92C6-164151737F8E}"
EndProject
Project("{FAE04EC0-301F-11D3-BF4B-00C04F79EFBC}") = "Users.Domain", "src\Users\Users.Domain\Users.Domain.csproj", "{EE54410B-C451-49D8-9377-03F0E6DF3474}"
EndProject
Project("{FAE04EC0-301F-11D3-BF4B-00C04F79EFBC}") = "Users.Application", "src\Users\Users.Application\Users.Application.csproj", "{06BAF85E-64C6-4840-AADF-6F4EDEB60DD5}"
EndProject
Project("{FAE04EC0-301F-11D3-BF4B-00C04F79EFBC}") = "Users.Controllers", "src\Users\Users.Controllers\Users.Controllers.csproj", "{8CD12DD0-414C-4E16-B195-E8A0A65C1C16}"
EndProject
Project("{FAE04EC0-301F-11D3-BF4B-00C04F79EFBC}") = "Users.Infrastructure.Postgres", "src\Users\Users.Infrastructure.Postgres\Users.Infrastructure.Postgres.csproj", "{966716CD-75FB-4331-8673-543155934190}"
EndProject
Project("{FAE04EC0-301F-11D3-BF4B-00C04F79EFBC}") = "Baskets.Contracts", "src\Baskets\Baskets.Contracts\Baskets.Contracts.csproj", "{CBB822BD-0A8E-4076-8840-2E819563C6FC}"
EndProject
Project("{FAE04EC0-301F-11D3-BF4B-00C04F79EFBC}") = "Comments.Contracts", "src\Comments\Comments.Contracts\Comments.Contracts.csproj", "{7D3E431F-EFE8-48ED-B347-40C367D24CEE}"
EndProject
Project("{FAE04EC0-301F-11D3-BF4B-00C04F79EFBC}") = "Orders.Contracts", "src\Orders\Orders.Contracts\Orders.Contracts.csproj", "{6EA7D648-0BB7-4A87-B3CD-F4981852A244}"
EndProject
Project("{FAE04EC0-301F-11D3-BF4B-00C04F79EFBC}") = "Products.Contracts", "src\Products\Products.Contracts\Products.Contracts.csproj", "{2523C614-5A57-4516-BBFF-3A412B10F30E}"
EndProject
Project("{FAE04EC0-301F-11D3-BF4B-00C04F79EFBC}") = "Reviews.Contracts", "src\Reviews\Reviews.Contracts\Reviews.Contracts.csproj", "{F722B6CE-6BF6-4B9F-B81E-38CCBE810496}"
EndProject
Project("{FAE04EC0-301F-11D3-BF4B-00C04F79EFBC}") = "Subscriptions.Contracts", "src\Subscriptions\Subscriptions.Contracts\Subscriptions.Contracts.csproj", "{BFCC9EBB-2A39-4210-95D5-4670E1796D14}"
EndProject
Project("{FAE04EC0-301F-11D3-BF4B-00C04F79EFBC}") = "Users.Contracts", "src\Users\Users.Contracts\Users.Contracts.csproj", "{8303E460-CBC5-4ABA-8198-D60CA8A167AB}"
EndProject
Project("{2150E333-8FDC-42A3-9474-1A3956D46DE8}") = "Core", "Core", "{2AFC9882-ACC8-4250-8266-6A4F5FC77A3B}"
EndProject
Project("{2150E333-8FDC-42A3-9474-1A3956D46DE8}") = "Infrastructure", "Infrastructure", "{D73D6A0E-3D81-4B12-937F-8F55EFF14729}"
EndProject
Project("{FAE04EC0-301F-11D3-BF4B-00C04F79EFBC}") = "ElasticSearch", "src\Core\Infrastructure\ElasticSearch\ElasticSearch.csproj", "{8E88BEBD-A580-4142-A11E-F41A1BF87013}"
EndProject
Project("{FAE04EC0-301F-11D3-BF4B-00C04F79EFBC}") = "Infrastructure.Minio", "src\Core\Infrastructure\Infrastructure.Minio\Infrastructure.Minio.csproj", "{73E73C6F-0F09-40BB-90F6-525D0E20C581}"
EndProject
Project("{FAE04EC0-301F-11D3-BF4B-00C04F79EFBC}") = "Shared", "src\Core\Shared\Shared.csproj", "{457F450F-99C7-47B7-BF00-412B4F85227D}"
EndProject
Global
	GlobalSection(SolutionConfigurationPlatforms) = preSolution
		Debug|Any CPU = Debug|Any CPU
		Release|Any CPU = Release|Any CPU
	EndGlobalSection
	GlobalSection(NestedProjects) = preSolution
		{7F4048CE-205A-45B1-AF0C-7076C6FA5B03} = {368D3A52-A0AC-41E3-80FC-4C595EC3A1BB}
		{5B7B8262-010C-4D42-9C9D-39D38C69D2C3} = {368D3A52-A0AC-41E3-80FC-4C595EC3A1BB}
		{0902EE51-BFB8-418D-9F1C-FD90850A41EA} = {368D3A52-A0AC-41E3-80FC-4C595EC3A1BB}
		{58E6E651-1685-4373-851C-F2279B472E7C} = {6AC2D317-59CB-4E13-9DBC-9E61763155FB}
		{CF425AA2-0F28-49B0-806C-37AF9F398789} = {368D3A52-A0AC-41E3-80FC-4C595EC3A1BB}
		{44AF17AE-326A-4A76-BC3F-CACFFB0A2616} = {368D3A52-A0AC-41E3-80FC-4C595EC3A1BB}
		{8B361C68-8873-4AA8-BF7F-7D3A2EAE14FB} = {368D3A52-A0AC-41E3-80FC-4C595EC3A1BB}
		{E994EE0E-9BE2-4B8D-A92D-41C89D4C862C} = {368D3A52-A0AC-41E3-80FC-4C595EC3A1BB}
		{80E620D4-5320-41BE-A484-962CE7D223BE} = {368D3A52-A0AC-41E3-80FC-4C595EC3A1BB}
		{71517112-0DF4-4A11-8DBA-F8CDEB672358} = {368D3A52-A0AC-41E3-80FC-4C595EC3A1BB}
		{EE58A110-5A41-4FA7-8EBC-9820BF8F6BF4} = {368D3A52-A0AC-41E3-80FC-4C595EC3A1BB}
		{A5F4D892-AE25-4008-9EA2-257DB3B0244C} = {368D3A52-A0AC-41E3-80FC-4C595EC3A1BB}
		{9A0B8643-2735-4BBA-AB24-9E240F42AF2B} = {CF425AA2-0F28-49B0-806C-37AF9F398789}
		{51A53ABC-3A24-4C58-91A7-4720B46B633A} = {CF425AA2-0F28-49B0-806C-37AF9F398789}
		{6226989A-4AE4-4029-90AD-21562E81BC36} = {CF425AA2-0F28-49B0-806C-37AF9F398789}
		{56387CEC-E92F-4EFC-9BB0-33D0C696ACF1} = {CF425AA2-0F28-49B0-806C-37AF9F398789}
		{BDC33086-29E7-44D5-8E80-426C49D2A41E} = {8B361C68-8873-4AA8-BF7F-7D3A2EAE14FB}
		{75F9B9D8-F39B-4114-8016-82C8C81ABC84} = {8B361C68-8873-4AA8-BF7F-7D3A2EAE14FB}
		{AF22401F-8BB0-4D68-9C8F-FA584885847F} = {8B361C68-8873-4AA8-BF7F-7D3A2EAE14FB}
		{3D0D8051-BD50-4EAC-BA6B-9F75F2557577} = {8B361C68-8873-4AA8-BF7F-7D3A2EAE14FB}
		{75B615D0-A2AB-47E7-AE74-EC150954542D} = {44AF17AE-326A-4A76-BC3F-CACFFB0A2616}
		{22BBF104-D563-4072-8164-5C03F0E0A2EB} = {44AF17AE-326A-4A76-BC3F-CACFFB0A2616}
		{B26560A1-6449-44A6-BC48-A87313310501} = {44AF17AE-326A-4A76-BC3F-CACFFB0A2616}
		{2BEB7DB1-EDCC-4E93-B38D-27753A66D447} = {44AF17AE-326A-4A76-BC3F-CACFFB0A2616}
		{CA9D0DF7-25FA-4FC2-9BAD-0252BDEE1BE7} = {E994EE0E-9BE2-4B8D-A92D-41C89D4C862C}
		{08BD0148-D2E7-4E87-99D9-CB543A409D37} = {E994EE0E-9BE2-4B8D-A92D-41C89D4C862C}
		{2A5D62BA-2B6E-4F53-9605-C809CC093E49} = {E994EE0E-9BE2-4B8D-A92D-41C89D4C862C}
		{DBFEFB12-E507-44D3-84EB-488DD451380C} = {E994EE0E-9BE2-4B8D-A92D-41C89D4C862C}
		{D5820A53-FC91-44FB-86EE-37B10BCE01F6} = {80E620D4-5320-41BE-A484-962CE7D223BE}
		{5155878C-86E8-4028-A9E9-645FBEACF65C} = {80E620D4-5320-41BE-A484-962CE7D223BE}
		{987B6585-5E2C-4C7B-8D04-EA3EF43CAB08} = {80E620D4-5320-41BE-A484-962CE7D223BE}
		{B3E64A44-0EB0-4787-9F99-8036B9786D54} = {80E620D4-5320-41BE-A484-962CE7D223BE}
		{EB78BACF-DCA4-4614-84C8-7AB0B0844527} = {71517112-0DF4-4A11-8DBA-F8CDEB672358}
		{0E6E4F01-932D-446B-8F34-42C8CE846B82} = {71517112-0DF4-4A11-8DBA-F8CDEB672358}
		{A381CD53-1F78-4AB4-BCFD-B24D525D22B6} = {71517112-0DF4-4A11-8DBA-F8CDEB672358}
		{9C942E2C-024B-4605-92C6-164151737F8E} = {71517112-0DF4-4A11-8DBA-F8CDEB672358}
		{EE54410B-C451-49D8-9377-03F0E6DF3474} = {EE58A110-5A41-4FA7-8EBC-9820BF8F6BF4}
		{06BAF85E-64C6-4840-AADF-6F4EDEB60DD5} = {EE58A110-5A41-4FA7-8EBC-9820BF8F6BF4}
		{8CD12DD0-414C-4E16-B195-E8A0A65C1C16} = {EE58A110-5A41-4FA7-8EBC-9820BF8F6BF4}
		{966716CD-75FB-4331-8673-543155934190} = {EE58A110-5A41-4FA7-8EBC-9820BF8F6BF4}
		{CBB822BD-0A8E-4076-8840-2E819563C6FC} = {CF425AA2-0F28-49B0-806C-37AF9F398789}
		{7D3E431F-EFE8-48ED-B347-40C367D24CEE} = {44AF17AE-326A-4A76-BC3F-CACFFB0A2616}
		{6EA7D648-0BB7-4A87-B3CD-F4981852A244} = {8B361C68-8873-4AA8-BF7F-7D3A2EAE14FB}
		{2523C614-5A57-4516-BBFF-3A412B10F30E} = {E994EE0E-9BE2-4B8D-A92D-41C89D4C862C}
		{F722B6CE-6BF6-4B9F-B81E-38CCBE810496} = {80E620D4-5320-41BE-A484-962CE7D223BE}
		{BFCC9EBB-2A39-4210-95D5-4670E1796D14} = {71517112-0DF4-4A11-8DBA-F8CDEB672358}
		{8303E460-CBC5-4ABA-8198-D60CA8A167AB} = {EE58A110-5A41-4FA7-8EBC-9820BF8F6BF4}
		{2AFC9882-ACC8-4250-8266-6A4F5FC77A3B} = {368D3A52-A0AC-41E3-80FC-4C595EC3A1BB}
		{D73D6A0E-3D81-4B12-937F-8F55EFF14729} = {2AFC9882-ACC8-4250-8266-6A4F5FC77A3B}
		{8E88BEBD-A580-4142-A11E-F41A1BF87013} = {D73D6A0E-3D81-4B12-937F-8F55EFF14729}
		{73E73C6F-0F09-40BB-90F6-525D0E20C581} = {D73D6A0E-3D81-4B12-937F-8F55EFF14729}
		{457F450F-99C7-47B7-BF00-412B4F85227D} = {2AFC9882-ACC8-4250-8266-6A4F5FC77A3B}
	EndGlobalSection
	GlobalSection(ProjectConfigurationPlatforms) = postSolution
		{7F4048CE-205A-45B1-AF0C-7076C6FA5B03}.Debug|Any CPU.ActiveCfg = Debug|Any CPU
		{7F4048CE-205A-45B1-AF0C-7076C6FA5B03}.Debug|Any CPU.Build.0 = Debug|Any CPU
		{7F4048CE-205A-45B1-AF0C-7076C6FA5B03}.Release|Any CPU.ActiveCfg = Release|Any CPU
		{7F4048CE-205A-45B1-AF0C-7076C6FA5B03}.Release|Any CPU.Build.0 = Release|Any CPU
		{5B7B8262-010C-4D42-9C9D-39D38C69D2C3}.Debug|Any CPU.ActiveCfg = Debug|Any CPU
		{5B7B8262-010C-4D42-9C9D-39D38C69D2C3}.Debug|Any CPU.Build.0 = Debug|Any CPU
		{5B7B8262-010C-4D42-9C9D-39D38C69D2C3}.Release|Any CPU.ActiveCfg = Release|Any CPU
		{5B7B8262-010C-4D42-9C9D-39D38C69D2C3}.Release|Any CPU.Build.0 = Release|Any CPU
		{0902EE51-BFB8-418D-9F1C-FD90850A41EA}.Debug|Any CPU.ActiveCfg = Debug|Any CPU
		{0902EE51-BFB8-418D-9F1C-FD90850A41EA}.Debug|Any CPU.Build.0 = Debug|Any CPU
		{0902EE51-BFB8-418D-9F1C-FD90850A41EA}.Release|Any CPU.ActiveCfg = Release|Any CPU
		{0902EE51-BFB8-418D-9F1C-FD90850A41EA}.Release|Any CPU.Build.0 = Release|Any CPU
		{58E6E651-1685-4373-851C-F2279B472E7C}.Debug|Any CPU.ActiveCfg = Debug|Any CPU
		{58E6E651-1685-4373-851C-F2279B472E7C}.Debug|Any CPU.Build.0 = Debug|Any CPU
		{58E6E651-1685-4373-851C-F2279B472E7C}.Release|Any CPU.ActiveCfg = Release|Any CPU
		{58E6E651-1685-4373-851C-F2279B472E7C}.Release|Any CPU.Build.0 = Release|Any CPU
		{9A0B8643-2735-4BBA-AB24-9E240F42AF2B}.Debug|Any CPU.ActiveCfg = Debug|Any CPU
		{9A0B8643-2735-4BBA-AB24-9E240F42AF2B}.Debug|Any CPU.Build.0 = Debug|Any CPU
		{9A0B8643-2735-4BBA-AB24-9E240F42AF2B}.Release|Any CPU.ActiveCfg = Release|Any CPU
		{9A0B8643-2735-4BBA-AB24-9E240F42AF2B}.Release|Any CPU.Build.0 = Release|Any CPU
		{51A53ABC-3A24-4C58-91A7-4720B46B633A}.Debug|Any CPU.ActiveCfg = Debug|Any CPU
		{51A53ABC-3A24-4C58-91A7-4720B46B633A}.Debug|Any CPU.Build.0 = Debug|Any CPU
		{51A53ABC-3A24-4C58-91A7-4720B46B633A}.Release|Any CPU.ActiveCfg = Release|Any CPU
		{51A53ABC-3A24-4C58-91A7-4720B46B633A}.Release|Any CPU.Build.0 = Release|Any CPU
		{6226989A-4AE4-4029-90AD-21562E81BC36}.Debug|Any CPU.ActiveCfg = Debug|Any CPU
		{6226989A-4AE4-4029-90AD-21562E81BC36}.Debug|Any CPU.Build.0 = Debug|Any CPU
		{6226989A-4AE4-4029-90AD-21562E81BC36}.Release|Any CPU.ActiveCfg = Release|Any CPU
		{6226989A-4AE4-4029-90AD-21562E81BC36}.Release|Any CPU.Build.0 = Release|Any CPU
		{56387CEC-E92F-4EFC-9BB0-33D0C696ACF1}.Debug|Any CPU.ActiveCfg = Debug|Any CPU
		{56387CEC-E92F-4EFC-9BB0-33D0C696ACF1}.Debug|Any CPU.Build.0 = Debug|Any CPU
		{56387CEC-E92F-4EFC-9BB0-33D0C696ACF1}.Release|Any CPU.ActiveCfg = Release|Any CPU
		{56387CEC-E92F-4EFC-9BB0-33D0C696ACF1}.Release|Any CPU.Build.0 = Release|Any CPU
		{BDC33086-29E7-44D5-8E80-426C49D2A41E}.Debug|Any CPU.ActiveCfg = Debug|Any CPU
		{BDC33086-29E7-44D5-8E80-426C49D2A41E}.Debug|Any CPU.Build.0 = Debug|Any CPU
		{BDC33086-29E7-44D5-8E80-426C49D2A41E}.Release|Any CPU.ActiveCfg = Release|Any CPU
		{BDC33086-29E7-44D5-8E80-426C49D2A41E}.Release|Any CPU.Build.0 = Release|Any CPU
		{75F9B9D8-F39B-4114-8016-82C8C81ABC84}.Debug|Any CPU.ActiveCfg = Debug|Any CPU
		{75F9B9D8-F39B-4114-8016-82C8C81ABC84}.Debug|Any CPU.Build.0 = Debug|Any CPU
		{75F9B9D8-F39B-4114-8016-82C8C81ABC84}.Release|Any CPU.ActiveCfg = Release|Any CPU
		{75F9B9D8-F39B-4114-8016-82C8C81ABC84}.Release|Any CPU.Build.0 = Release|Any CPU
		{AF22401F-8BB0-4D68-9C8F-FA584885847F}.Debug|Any CPU.ActiveCfg = Debug|Any CPU
		{AF22401F-8BB0-4D68-9C8F-FA584885847F}.Debug|Any CPU.Build.0 = Debug|Any CPU
		{AF22401F-8BB0-4D68-9C8F-FA584885847F}.Release|Any CPU.ActiveCfg = Release|Any CPU
		{AF22401F-8BB0-4D68-9C8F-FA584885847F}.Release|Any CPU.Build.0 = Release|Any CPU
		{3D0D8051-BD50-4EAC-BA6B-9F75F2557577}.Debug|Any CPU.ActiveCfg = Debug|Any CPU
		{3D0D8051-BD50-4EAC-BA6B-9F75F2557577}.Debug|Any CPU.Build.0 = Debug|Any CPU
		{3D0D8051-BD50-4EAC-BA6B-9F75F2557577}.Release|Any CPU.ActiveCfg = Release|Any CPU
		{3D0D8051-BD50-4EAC-BA6B-9F75F2557577}.Release|Any CPU.Build.0 = Release|Any CPU
		{75B615D0-A2AB-47E7-AE74-EC150954542D}.Debug|Any CPU.ActiveCfg = Debug|Any CPU
		{75B615D0-A2AB-47E7-AE74-EC150954542D}.Debug|Any CPU.Build.0 = Debug|Any CPU
		{75B615D0-A2AB-47E7-AE74-EC150954542D}.Release|Any CPU.ActiveCfg = Release|Any CPU
		{75B615D0-A2AB-47E7-AE74-EC150954542D}.Release|Any CPU.Build.0 = Release|Any CPU
		{22BBF104-D563-4072-8164-5C03F0E0A2EB}.Debug|Any CPU.ActiveCfg = Debug|Any CPU
		{22BBF104-D563-4072-8164-5C03F0E0A2EB}.Debug|Any CPU.Build.0 = Debug|Any CPU
		{22BBF104-D563-4072-8164-5C03F0E0A2EB}.Release|Any CPU.ActiveCfg = Release|Any CPU
		{22BBF104-D563-4072-8164-5C03F0E0A2EB}.Release|Any CPU.Build.0 = Release|Any CPU
		{B26560A1-6449-44A6-BC48-A87313310501}.Debug|Any CPU.ActiveCfg = Debug|Any CPU
		{B26560A1-6449-44A6-BC48-A87313310501}.Debug|Any CPU.Build.0 = Debug|Any CPU
		{B26560A1-6449-44A6-BC48-A87313310501}.Release|Any CPU.ActiveCfg = Release|Any CPU
		{B26560A1-6449-44A6-BC48-A87313310501}.Release|Any CPU.Build.0 = Release|Any CPU
		{2BEB7DB1-EDCC-4E93-B38D-27753A66D447}.Debug|Any CPU.ActiveCfg = Debug|Any CPU
		{2BEB7DB1-EDCC-4E93-B38D-27753A66D447}.Debug|Any CPU.Build.0 = Debug|Any CPU
		{2BEB7DB1-EDCC-4E93-B38D-27753A66D447}.Release|Any CPU.ActiveCfg = Release|Any CPU
		{2BEB7DB1-EDCC-4E93-B38D-27753A66D447}.Release|Any CPU.Build.0 = Release|Any CPU
		{CA9D0DF7-25FA-4FC2-9BAD-0252BDEE1BE7}.Debug|Any CPU.ActiveCfg = Debug|Any CPU
		{CA9D0DF7-25FA-4FC2-9BAD-0252BDEE1BE7}.Debug|Any CPU.Build.0 = Debug|Any CPU
		{CA9D0DF7-25FA-4FC2-9BAD-0252BDEE1BE7}.Release|Any CPU.ActiveCfg = Release|Any CPU
		{CA9D0DF7-25FA-4FC2-9BAD-0252BDEE1BE7}.Release|Any CPU.Build.0 = Release|Any CPU
		{08BD0148-D2E7-4E87-99D9-CB543A409D37}.Debug|Any CPU.ActiveCfg = Debug|Any CPU
		{08BD0148-D2E7-4E87-99D9-CB543A409D37}.Debug|Any CPU.Build.0 = Debug|Any CPU
		{08BD0148-D2E7-4E87-99D9-CB543A409D37}.Release|Any CPU.ActiveCfg = Release|Any CPU
		{08BD0148-D2E7-4E87-99D9-CB543A409D37}.Release|Any CPU.Build.0 = Release|Any CPU
		{2A5D62BA-2B6E-4F53-9605-C809CC093E49}.Debug|Any CPU.ActiveCfg = Debug|Any CPU
		{2A5D62BA-2B6E-4F53-9605-C809CC093E49}.Debug|Any CPU.Build.0 = Debug|Any CPU
		{2A5D62BA-2B6E-4F53-9605-C809CC093E49}.Release|Any CPU.ActiveCfg = Release|Any CPU
		{2A5D62BA-2B6E-4F53-9605-C809CC093E49}.Release|Any CPU.Build.0 = Release|Any CPU
		{DBFEFB12-E507-44D3-84EB-488DD451380C}.Debug|Any CPU.ActiveCfg = Debug|Any CPU
		{DBFEFB12-E507-44D3-84EB-488DD451380C}.Debug|Any CPU.Build.0 = Debug|Any CPU
		{DBFEFB12-E507-44D3-84EB-488DD451380C}.Release|Any CPU.ActiveCfg = Release|Any CPU
		{DBFEFB12-E507-44D3-84EB-488DD451380C}.Release|Any CPU.Build.0 = Release|Any CPU
		{D5820A53-FC91-44FB-86EE-37B10BCE01F6}.Debug|Any CPU.ActiveCfg = Debug|Any CPU
		{D5820A53-FC91-44FB-86EE-37B10BCE01F6}.Debug|Any CPU.Build.0 = Debug|Any CPU
		{D5820A53-FC91-44FB-86EE-37B10BCE01F6}.Release|Any CPU.ActiveCfg = Release|Any CPU
		{D5820A53-FC91-44FB-86EE-37B10BCE01F6}.Release|Any CPU.Build.0 = Release|Any CPU
		{5155878C-86E8-4028-A9E9-645FBEACF65C}.Debug|Any CPU.ActiveCfg = Debug|Any CPU
		{5155878C-86E8-4028-A9E9-645FBEACF65C}.Debug|Any CPU.Build.0 = Debug|Any CPU
		{5155878C-86E8-4028-A9E9-645FBEACF65C}.Release|Any CPU.ActiveCfg = Release|Any CPU
		{5155878C-86E8-4028-A9E9-645FBEACF65C}.Release|Any CPU.Build.0 = Release|Any CPU
		{987B6585-5E2C-4C7B-8D04-EA3EF43CAB08}.Debug|Any CPU.ActiveCfg = Debug|Any CPU
		{987B6585-5E2C-4C7B-8D04-EA3EF43CAB08}.Debug|Any CPU.Build.0 = Debug|Any CPU
		{987B6585-5E2C-4C7B-8D04-EA3EF43CAB08}.Release|Any CPU.ActiveCfg = Release|Any CPU
		{987B6585-5E2C-4C7B-8D04-EA3EF43CAB08}.Release|Any CPU.Build.0 = Release|Any CPU
		{B3E64A44-0EB0-4787-9F99-8036B9786D54}.Debug|Any CPU.ActiveCfg = Debug|Any CPU
		{B3E64A44-0EB0-4787-9F99-8036B9786D54}.Debug|Any CPU.Build.0 = Debug|Any CPU
		{B3E64A44-0EB0-4787-9F99-8036B9786D54}.Release|Any CPU.ActiveCfg = Release|Any CPU
		{B3E64A44-0EB0-4787-9F99-8036B9786D54}.Release|Any CPU.Build.0 = Release|Any CPU
		{EB78BACF-DCA4-4614-84C8-7AB0B0844527}.Debug|Any CPU.ActiveCfg = Debug|Any CPU
		{EB78BACF-DCA4-4614-84C8-7AB0B0844527}.Debug|Any CPU.Build.0 = Debug|Any CPU
		{EB78BACF-DCA4-4614-84C8-7AB0B0844527}.Release|Any CPU.ActiveCfg = Release|Any CPU
		{EB78BACF-DCA4-4614-84C8-7AB0B0844527}.Release|Any CPU.Build.0 = Release|Any CPU
		{0E6E4F01-932D-446B-8F34-42C8CE846B82}.Debug|Any CPU.ActiveCfg = Debug|Any CPU
		{0E6E4F01-932D-446B-8F34-42C8CE846B82}.Debug|Any CPU.Build.0 = Debug|Any CPU
		{0E6E4F01-932D-446B-8F34-42C8CE846B82}.Release|Any CPU.ActiveCfg = Release|Any CPU
		{0E6E4F01-932D-446B-8F34-42C8CE846B82}.Release|Any CPU.Build.0 = Release|Any CPU
		{A381CD53-1F78-4AB4-BCFD-B24D525D22B6}.Debug|Any CPU.ActiveCfg = Debug|Any CPU
		{A381CD53-1F78-4AB4-BCFD-B24D525D22B6}.Debug|Any CPU.Build.0 = Debug|Any CPU
		{A381CD53-1F78-4AB4-BCFD-B24D525D22B6}.Release|Any CPU.ActiveCfg = Release|Any CPU
		{A381CD53-1F78-4AB4-BCFD-B24D525D22B6}.Release|Any CPU.Build.0 = Release|Any CPU
		{9C942E2C-024B-4605-92C6-164151737F8E}.Debug|Any CPU.ActiveCfg = Debug|Any CPU
		{9C942E2C-024B-4605-92C6-164151737F8E}.Debug|Any CPU.Build.0 = Debug|Any CPU
		{9C942E2C-024B-4605-92C6-164151737F8E}.Release|Any CPU.ActiveCfg = Release|Any CPU
		{9C942E2C-024B-4605-92C6-164151737F8E}.Release|Any CPU.Build.0 = Release|Any CPU
		{EE54410B-C451-49D8-9377-03F0E6DF3474}.Debug|Any CPU.ActiveCfg = Debug|Any CPU
		{EE54410B-C451-49D8-9377-03F0E6DF3474}.Debug|Any CPU.Build.0 = Debug|Any CPU
		{EE54410B-C451-49D8-9377-03F0E6DF3474}.Release|Any CPU.ActiveCfg = Release|Any CPU
		{EE54410B-C451-49D8-9377-03F0E6DF3474}.Release|Any CPU.Build.0 = Release|Any CPU
		{06BAF85E-64C6-4840-AADF-6F4EDEB60DD5}.Debug|Any CPU.ActiveCfg = Debug|Any CPU
		{06BAF85E-64C6-4840-AADF-6F4EDEB60DD5}.Debug|Any CPU.Build.0 = Debug|Any CPU
		{06BAF85E-64C6-4840-AADF-6F4EDEB60DD5}.Release|Any CPU.ActiveCfg = Release|Any CPU
		{06BAF85E-64C6-4840-AADF-6F4EDEB60DD5}.Release|Any CPU.Build.0 = Release|Any CPU
		{8CD12DD0-414C-4E16-B195-E8A0A65C1C16}.Debug|Any CPU.ActiveCfg = Debug|Any CPU
		{8CD12DD0-414C-4E16-B195-E8A0A65C1C16}.Debug|Any CPU.Build.0 = Debug|Any CPU
		{8CD12DD0-414C-4E16-B195-E8A0A65C1C16}.Release|Any CPU.ActiveCfg = Release|Any CPU
		{8CD12DD0-414C-4E16-B195-E8A0A65C1C16}.Release|Any CPU.Build.0 = Release|Any CPU
		{966716CD-75FB-4331-8673-543155934190}.Debug|Any CPU.ActiveCfg = Debug|Any CPU
		{966716CD-75FB-4331-8673-543155934190}.Debug|Any CPU.Build.0 = Debug|Any CPU
		{966716CD-75FB-4331-8673-543155934190}.Release|Any CPU.ActiveCfg = Release|Any CPU
		{966716CD-75FB-4331-8673-543155934190}.Release|Any CPU.Build.0 = Release|Any CPU
		{CBB822BD-0A8E-4076-8840-2E819563C6FC}.Debug|Any CPU.ActiveCfg = Debug|Any CPU
		{CBB822BD-0A8E-4076-8840-2E819563C6FC}.Debug|Any CPU.Build.0 = Debug|Any CPU
		{CBB822BD-0A8E-4076-8840-2E819563C6FC}.Release|Any CPU.ActiveCfg = Release|Any CPU
		{CBB822BD-0A8E-4076-8840-2E819563C6FC}.Release|Any CPU.Build.0 = Release|Any CPU
		{7D3E431F-EFE8-48ED-B347-40C367D24CEE}.Debug|Any CPU.ActiveCfg = Debug|Any CPU
		{7D3E431F-EFE8-48ED-B347-40C367D24CEE}.Debug|Any CPU.Build.0 = Debug|Any CPU
		{7D3E431F-EFE8-48ED-B347-40C367D24CEE}.Release|Any CPU.ActiveCfg = Release|Any CPU
		{7D3E431F-EFE8-48ED-B347-40C367D24CEE}.Release|Any CPU.Build.0 = Release|Any CPU
		{6EA7D648-0BB7-4A87-B3CD-F4981852A244}.Debug|Any CPU.ActiveCfg = Debug|Any CPU
		{6EA7D648-0BB7-4A87-B3CD-F4981852A244}.Debug|Any CPU.Build.0 = Debug|Any CPU
		{6EA7D648-0BB7-4A87-B3CD-F4981852A244}.Release|Any CPU.ActiveCfg = Release|Any CPU
		{6EA7D648-0BB7-4A87-B3CD-F4981852A244}.Release|Any CPU.Build.0 = Release|Any CPU
		{2523C614-5A57-4516-BBFF-3A412B10F30E}.Debug|Any CPU.ActiveCfg = Debug|Any CPU
		{2523C614-5A57-4516-BBFF-3A412B10F30E}.Debug|Any CPU.Build.0 = Debug|Any CPU
		{2523C614-5A57-4516-BBFF-3A412B10F30E}.Release|Any CPU.ActiveCfg = Release|Any CPU
		{2523C614-5A57-4516-BBFF-3A412B10F30E}.Release|Any CPU.Build.0 = Release|Any CPU
		{F722B6CE-6BF6-4B9F-B81E-38CCBE810496}.Debug|Any CPU.ActiveCfg = Debug|Any CPU
		{F722B6CE-6BF6-4B9F-B81E-38CCBE810496}.Debug|Any CPU.Build.0 = Debug|Any CPU
		{F722B6CE-6BF6-4B9F-B81E-38CCBE810496}.Release|Any CPU.ActiveCfg = Release|Any CPU
		{F722B6CE-6BF6-4B9F-B81E-38CCBE810496}.Release|Any CPU.Build.0 = Release|Any CPU
		{BFCC9EBB-2A39-4210-95D5-4670E1796D14}.Debug|Any CPU.ActiveCfg = Debug|Any CPU
		{BFCC9EBB-2A39-4210-95D5-4670E1796D14}.Debug|Any CPU.Build.0 = Debug|Any CPU
		{BFCC9EBB-2A39-4210-95D5-4670E1796D14}.Release|Any CPU.ActiveCfg = Release|Any CPU
		{BFCC9EBB-2A39-4210-95D5-4670E1796D14}.Release|Any CPU.Build.0 = Release|Any CPU
		{8303E460-CBC5-4ABA-8198-D60CA8A167AB}.Debug|Any CPU.ActiveCfg = Debug|Any CPU
		{8303E460-CBC5-4ABA-8198-D60CA8A167AB}.Debug|Any CPU.Build.0 = Debug|Any CPU
		{8303E460-CBC5-4ABA-8198-D60CA8A167AB}.Release|Any CPU.ActiveCfg = Release|Any CPU
		{8303E460-CBC5-4ABA-8198-D60CA8A167AB}.Release|Any CPU.Build.0 = Release|Any CPU
		{8E88BEBD-A580-4142-A11E-F41A1BF87013}.Debug|Any CPU.ActiveCfg = Debug|Any CPU
		{8E88BEBD-A580-4142-A11E-F41A1BF87013}.Debug|Any CPU.Build.0 = Debug|Any CPU
		{8E88BEBD-A580-4142-A11E-F41A1BF87013}.Release|Any CPU.ActiveCfg = Release|Any CPU
		{8E88BEBD-A580-4142-A11E-F41A1BF87013}.Release|Any CPU.Build.0 = Release|Any CPU
		{73E73C6F-0F09-40BB-90F6-525D0E20C581}.Debug|Any CPU.ActiveCfg = Debug|Any CPU
		{73E73C6F-0F09-40BB-90F6-525D0E20C581}.Debug|Any CPU.Build.0 = Debug|Any CPU
		{73E73C6F-0F09-40BB-90F6-525D0E20C581}.Release|Any CPU.ActiveCfg = Release|Any CPU
		{73E73C6F-0F09-40BB-90F6-525D0E20C581}.Release|Any CPU.Build.0 = Release|Any CPU
		{457F450F-99C7-47B7-BF00-412B4F85227D}.Debug|Any CPU.ActiveCfg = Debug|Any CPU
		{457F450F-99C7-47B7-BF00-412B4F85227D}.Debug|Any CPU.Build.0 = Debug|Any CPU
		{457F450F-99C7-47B7-BF00-412B4F85227D}.Release|Any CPU.ActiveCfg = Release|Any CPU
		{457F450F-99C7-47B7-BF00-412B4F85227D}.Release|Any CPU.Build.0 = Release|Any CPU
	EndGlobalSection
EndGlobal
