
Microsoft Visual Studio Solution File, Format Version 12.00
Project("{2150E333-8FDC-42A3-9474-1A3956D46DE8}") = "src", "src", "{368D3A52-A0AC-41E3-80FC-4C595EC3A1BB}"
EndProject
Project("{FAE04EC0-301F-11D3-BF4B-00C04F79EFBC}") = "Tea-Shop.Domain", "src\Tea-Shop.Domain\Tea-Shop.Domain.csproj", "{5327AD48-B516-4636-979B-977D1D18E85E}"
EndProject
Project("{2150E333-8FDC-42A3-9474-1A3956D46DE8}") = "Solution Items", "Solution Items", "{110BF1F7-28C6-45E0-84D0-A0EE96CA3402}"
	ProjectSection(SolutionItems) = preProject
		Directory.Build.props = Directory.Build.props
		.editorconfig = .editorconfig
	EndProjectSection
EndProject
Project("{FAE04EC0-301F-11D3-BF4B-00C04F79EFBC}") = "Tea-Shop.Controllers", "src\Tea-Shop.Controllers\Tea-Shop.Controllers.csproj", "{9CA48D04-DD01-47ED-8816-1B92C930CCA3}"
EndProject
Project("{FAE04EC0-301F-11D3-BF4B-00C04F79EFBC}") = "Tea-Shop.Web", "Tea-Shop.Web\Tea-Shop.Web.csproj", "{31613A08-9D1E-4455-AD10-1571F5370A6E}"
EndProject
Project("{FAE04EC0-301F-11D3-BF4B-00C04F79EFBC}") = "Tea-Shop.Contract", "src\Tea-Shop.Contract\Tea-Shop.Contract.csproj", "{E51A5BB9-743F-4776-ABE8-AD75190E27FB}"
EndProject
Global
	GlobalSection(SolutionConfigurationPlatforms) = preSolution
		Debug|Any CPU = Debug|Any CPU
		Release|Any CPU = Release|Any CPU
	EndGlobalSection
	GlobalSection(NestedProjects) = preSolution
		{5327AD48-B516-4636-979B-977D1D18E85E} = {368D3A52-A0AC-41E3-80FC-4C595EC3A1BB}
		{9CA48D04-DD01-47ED-8816-1B92C930CCA3} = {368D3A52-A0AC-41E3-80FC-4C595EC3A1BB}
		{31613A08-9D1E-4455-AD10-1571F5370A6E} = {368D3A52-A0AC-41E3-80FC-4C595EC3A1BB}
		{E51A5BB9-743F-4776-ABE8-AD75190E27FB} = {368D3A52-A0AC-41E3-80FC-4C595EC3A1BB}
	EndGlobalSection
	GlobalSection(ProjectConfigurationPlatforms) = postSolution
		{5327AD48-B516-4636-979B-977D1D18E85E}.Debug|Any CPU.ActiveCfg = Debug|Any CPU
		{5327AD48-B516-4636-979B-977D1D18E85E}.Debug|Any CPU.Build.0 = Debug|Any CPU
		{5327AD48-B516-4636-979B-977D1D18E85E}.Release|Any CPU.ActiveCfg = Release|Any CPU
		{5327AD48-B516-4636-979B-977D1D18E85E}.Release|Any CPU.Build.0 = Release|Any CPU
		{9CA48D04-DD01-47ED-8816-1B92C930CCA3}.Debug|Any CPU.ActiveCfg = Debug|Any CPU
		{9CA48D04-DD01-47ED-8816-1B92C930CCA3}.Debug|Any CPU.Build.0 = Debug|Any CPU
		{9CA48D04-DD01-47ED-8816-1B92C930CCA3}.Release|Any CPU.ActiveCfg = Release|Any CPU
		{9CA48D04-DD01-47ED-8816-1B92C930CCA3}.Release|Any CPU.Build.0 = Release|Any CPU
		{31613A08-9D1E-4455-AD10-1571F5370A6E}.Debug|Any CPU.ActiveCfg = Debug|Any CPU
		{31613A08-9D1E-4455-AD10-1571F5370A6E}.Debug|Any CPU.Build.0 = Debug|Any CPU
		{31613A08-9D1E-4455-AD10-1571F5370A6E}.Release|Any CPU.ActiveCfg = Release|Any CPU
		{31613A08-9D1E-4455-AD10-1571F5370A6E}.Release|Any CPU.Build.0 = Release|Any CPU
		{E51A5BB9-743F-4776-ABE8-AD75190E27FB}.Debug|Any CPU.ActiveCfg = Debug|Any CPU
		{E51A5BB9-743F-4776-ABE8-AD75190E27FB}.Debug|Any CPU.Build.0 = Debug|Any CPU
		{E51A5BB9-743F-4776-ABE8-AD75190E27FB}.Release|Any CPU.ActiveCfg = Release|Any CPU
		{E51A5BB9-743F-4776-ABE8-AD75190E27FB}.Release|Any CPU.Build.0 = Release|Any CPU
	EndGlobalSection
EndGlobal
