
Microsoft Visual Studio Solution File, Format Version 12.00
Project("{2150E333-8FDC-42A3-9474-1A3956D46DE8}") = "src", "src", "{368D3A52-A0AC-41E3-80FC-4C595EC3A1BB}"
EndProject
Project("{FAE04EC0-301F-11D3-BF4B-00C04F79EFBC}") = "Tea-Shop.Domain", "src\Tea-Shop.Domain\Tea-Shop.Domain.csproj", "{5327AD48-B516-4636-979B-977D1D18E85E}"
EndProject
Project("{2150E333-8FDC-42A3-9474-1A3956D46DE8}") = "Solution Items", "Solution Items", "{110BF1F7-28C6-45E0-84D0-A0EE96CA3402}"
	ProjectSection(SolutionItems) = preProject
		Directory.Build.props = Directory.Build.props
		.editorconfig = .editorconfig
	EndProjectSection
EndProject
Project("{FAE04EC0-301F-11D3-BF4B-00C04F79EFBC}") = "Tea-Shop.Controllers", "src\Tea-Shop.Controllers\Tea-Shop.Controllers.csproj", "{9CA48D04-DD01-47ED-8816-1B92C930CCA3}"
EndProject
Project("{FAE04EC0-301F-11D3-BF4B-00C04F79EFBC}") = "Tea-Shop.Contract", "src\Tea-Shop.Contract\Tea-Shop.Contract.csproj", "{E51A5BB9-743F-4776-ABE8-AD75190E27FB}"
EndProject
Project("{FAE04EC0-301F-11D3-BF4B-00C04F79EFBC}") = "Tea-Shop.Web", "src\Tea-Shop.Web\Tea-Shop.Web.csproj", "{7F4048CE-205A-45B1-AF0C-7076C6FA5B03}"
EndProject
Project("{FAE04EC0-301F-11D3-BF4B-00C04F79EFBC}") = "Tea-Shop.Application", "src\Tea-Shop.Application\Tea-Shop.Application.csproj", "{5B7B8262-010C-4D42-9C9D-39D38C69D2C3}"
EndProject
Project("{FAE04EC0-301F-11D3-BF4B-00C04F79EFBC}") = "Tea-Shop.Infrastructure.Postgres", "src\Tea-Shop.Infrastructure.Postgres\Tea-Shop.Infrastructure.Postgres.csproj", "{0902EE51-BFB8-418D-9F1C-FD90850A41EA}"
EndProject
Project("{FAE04EC0-301F-11D3-BF4B-00C04F79EFBC}") = "Tea-Shop.Infrastructure.ElasticSearch", "src\Tea-Shop.Infrastructure.ElasticSearch\Tea-Shop.Infrastructure.ElasticSearch.csproj", "{23D87472-E5D6-4EE2-9750-E089FB07AB22}"
EndProject
Project("{FAE04EC0-301F-11D3-BF4B-00C04F79EFBC}") = "Tea-Shop.Infrastructure.S3", "src\Tea-Shop.Infrastructure.S3\Tea-Shop.Infrastructure.S3.csproj", "{93E19F9A-8BC8-451F-A778-5D54F489DDDE}"
EndProject
Global
	GlobalSection(SolutionConfigurationPlatforms) = preSolution
		Debug|Any CPU = Debug|Any CPU
		Release|Any CPU = Release|Any CPU
	EndGlobalSection
	GlobalSection(NestedProjects) = preSolution
		{5327AD48-B516-4636-979B-977D1D18E85E} = {368D3A52-A0AC-41E3-80FC-4C595EC3A1BB}
		{9CA48D04-DD01-47ED-8816-1B92C930CCA3} = {368D3A52-A0AC-41E3-80FC-4C595EC3A1BB}
		{E51A5BB9-743F-4776-ABE8-AD75190E27FB} = {368D3A52-A0AC-41E3-80FC-4C595EC3A1BB}
		{7F4048CE-205A-45B1-AF0C-7076C6FA5B03} = {368D3A52-A0AC-41E3-80FC-4C595EC3A1BB}
		{5B7B8262-010C-4D42-9C9D-39D38C69D2C3} = {368D3A52-A0AC-41E3-80FC-4C595EC3A1BB}
		{0902EE51-BFB8-418D-9F1C-FD90850A41EA} = {368D3A52-A0AC-41E3-80FC-4C595EC3A1BB}
		{23D87472-E5D6-4EE2-9750-E089FB07AB22} = {368D3A52-A0AC-41E3-80FC-4C595EC3A1BB}
		{93E19F9A-8BC8-451F-A778-5D54F489DDDE} = {368D3A52-A0AC-41E3-80FC-4C595EC3A1BB}
	EndGlobalSection
	GlobalSection(ProjectConfigurationPlatforms) = postSolution
		{5327AD48-B516-4636-979B-977D1D18E85E}.Debug|Any CPU.ActiveCfg = Debug|Any CPU
		{5327AD48-B516-4636-979B-977D1D18E85E}.Debug|Any CPU.Build.0 = Debug|Any CPU
		{5327AD48-B516-4636-979B-977D1D18E85E}.Release|Any CPU.ActiveCfg = Release|Any CPU
		{5327AD48-B516-4636-979B-977D1D18E85E}.Release|Any CPU.Build.0 = Release|Any CPU
		{9CA48D04-DD01-47ED-8816-1B92C930CCA3}.Debug|Any CPU.ActiveCfg = Debug|Any CPU
		{9CA48D04-DD01-47ED-8816-1B92C930CCA3}.Debug|Any CPU.Build.0 = Debug|Any CPU
		{9CA48D04-DD01-47ED-8816-1B92C930CCA3}.Release|Any CPU.ActiveCfg = Release|Any CPU
		{9CA48D04-DD01-47ED-8816-1B92C930CCA3}.Release|Any CPU.Build.0 = Release|Any CPU
		{E51A5BB9-743F-4776-ABE8-AD75190E27FB}.Debug|Any CPU.ActiveCfg = Debug|Any CPU
		{E51A5BB9-743F-4776-ABE8-AD75190E27FB}.Debug|Any CPU.Build.0 = Debug|Any CPU
		{E51A5BB9-743F-4776-ABE8-AD75190E27FB}.Release|Any CPU.ActiveCfg = Release|Any CPU
		{E51A5BB9-743F-4776-ABE8-AD75190E27FB}.Release|Any CPU.Build.0 = Release|Any CPU
		{7F4048CE-205A-45B1-AF0C-7076C6FA5B03}.Debug|Any CPU.ActiveCfg = Debug|Any CPU
		{7F4048CE-205A-45B1-AF0C-7076C6FA5B03}.Debug|Any CPU.Build.0 = Debug|Any CPU
		{7F4048CE-205A-45B1-AF0C-7076C6FA5B03}.Release|Any CPU.ActiveCfg = Release|Any CPU
		{7F4048CE-205A-45B1-AF0C-7076C6FA5B03}.Release|Any CPU.Build.0 = Release|Any CPU
		{5B7B8262-010C-4D42-9C9D-39D38C69D2C3}.Debug|Any CPU.ActiveCfg = Debug|Any CPU
		{5B7B8262-010C-4D42-9C9D-39D38C69D2C3}.Debug|Any CPU.Build.0 = Debug|Any CPU
		{5B7B8262-010C-4D42-9C9D-39D38C69D2C3}.Release|Any CPU.ActiveCfg = Release|Any CPU
		{5B7B8262-010C-4D42-9C9D-39D38C69D2C3}.Release|Any CPU.Build.0 = Release|Any CPU
		{0902EE51-BFB8-418D-9F1C-FD90850A41EA}.Debug|Any CPU.ActiveCfg = Debug|Any CPU
		{0902EE51-BFB8-418D-9F1C-FD90850A41EA}.Debug|Any CPU.Build.0 = Debug|Any CPU
		{0902EE51-BFB8-418D-9F1C-FD90850A41EA}.Release|Any CPU.ActiveCfg = Release|Any CPU
		{0902EE51-BFB8-418D-9F1C-FD90850A41EA}.Release|Any CPU.Build.0 = Release|Any CPU
		{23D87472-E5D6-4EE2-9750-E089FB07AB22}.Debug|Any CPU.ActiveCfg = Debug|Any CPU
		{23D87472-E5D6-4EE2-9750-E089FB07AB22}.Debug|Any CPU.Build.0 = Debug|Any CPU
		{23D87472-E5D6-4EE2-9750-E089FB07AB22}.Release|Any CPU.ActiveCfg = Release|Any CPU
		{23D87472-E5D6-4EE2-9750-E089FB07AB22}.Release|Any CPU.Build.0 = Release|Any CPU
		{93E19F9A-8BC8-451F-A778-5D54F489DDDE}.Debug|Any CPU.ActiveCfg = Debug|Any CPU
		{93E19F9A-8BC8-451F-A778-5D54F489DDDE}.Debug|Any CPU.Build.0 = Debug|Any CPU
		{93E19F9A-8BC8-451F-A778-5D54F489DDDE}.Release|Any CPU.ActiveCfg = Release|Any CPU
		{93E19F9A-8BC8-451F-A778-5D54F489DDDE}.Release|Any CPU.Build.0 = Release|Any CPU
	EndGlobalSection
EndGlobal
